
Microsoft Visual Studio Solution File, Format Version 12.00
# Visual Studio Version 17
VisualStudioVersion = 17.2.32526.322
MinimumVisualStudioVersion = 10.0.40219.1
Project("{9A19103F-16F7-4668-BE54-9A1E7A4F7556}") = "Week2WebAPI", "Week2WebAPI\Week2WebAPI.csproj", "{58E6E011-3777-41DC-A4A6-45701E74504C}"
EndProject
Project("{9A19103F-16F7-4668-BE54-9A1E7A4F7556}") = "Week2WebAPI.Infrastructure", "Week2WebAPI.Infrastructure\Week2WebAPI.Infrastructure.csproj", "{3F5FB8BB-D06B-4A17-A6ED-8D2C21C6F530}"
EndProject
Project("{9A19103F-16F7-4668-BE54-9A1E7A4F7556}") = "Week2WebAPI.Core", "Week2WebAPI.Core\Week2WebAPI.Core.csproj", "{5F908079-3666-4367-9EED-4519DCAB054B}"
EndProject
Project("{9A19103F-16F7-4668-BE54-9A1E7A4F7556}") = "Week2WebAPI.Core.Shared", "Week2WebAPI.Core.Shared\Week2WebAPI.Core.Shared.csproj", "{D0741845-870C-444C-91E2-22686EF866D1}"
EndProject
Project("{FAE04EC0-301F-11D3-BF4B-00C04F79EFBC}") = "Week2WebAPI.Services", "Week2WebAPI.Services\Week2WebAPI.Services.csproj", "{4DF48D80-0C7A-41EF-813C-752B52328C54}"
EndProject
Global
	GlobalSection(SolutionConfigurationPlatforms) = preSolution
		Debug|Any CPU = Debug|Any CPU
		Release|Any CPU = Release|Any CPU
	EndGlobalSection
	GlobalSection(ProjectConfigurationPlatforms) = postSolution
		{58E6E011-3777-41DC-A4A6-45701E74504C}.Debug|Any CPU.ActiveCfg = Debug|Any CPU
		{58E6E011-3777-41DC-A4A6-45701E74504C}.Debug|Any CPU.Build.0 = Debug|Any CPU
		{58E6E011-3777-41DC-A4A6-45701E74504C}.Release|Any CPU.ActiveCfg = Release|Any CPU
		{58E6E011-3777-41DC-A4A6-45701E74504C}.Release|Any CPU.Build.0 = Release|Any CPU
		{3F5FB8BB-D06B-4A17-A6ED-8D2C21C6F530}.Debug|Any CPU.ActiveCfg = Debug|Any CPU
		{3F5FB8BB-D06B-4A17-A6ED-8D2C21C6F530}.Debug|Any CPU.Build.0 = Debug|Any CPU
		{3F5FB8BB-D06B-4A17-A6ED-8D2C21C6F530}.Release|Any CPU.ActiveCfg = Release|Any CPU
		{3F5FB8BB-D06B-4A17-A6ED-8D2C21C6F530}.Release|Any CPU.Build.0 = Release|Any CPU
		{5F908079-3666-4367-9EED-4519DCAB054B}.Debug|Any CPU.ActiveCfg = Debug|Any CPU
		{5F908079-3666-4367-9EED-4519DCAB054B}.Debug|Any CPU.Build.0 = Debug|Any CPU
		{5F908079-3666-4367-9EED-4519DCAB054B}.Release|Any CPU.ActiveCfg = Release|Any CPU
		{5F908079-3666-4367-9EED-4519DCAB054B}.Release|Any CPU.Build.0 = Release|Any CPU
		{D0741845-870C-444C-91E2-22686EF866D1}.Debug|Any CPU.ActiveCfg = Debug|Any CPU
		{D0741845-870C-444C-91E2-22686EF866D1}.Debug|Any CPU.Build.0 = Debug|Any CPU
		{D0741845-870C-444C-91E2-22686EF866D1}.Release|Any CPU.ActiveCfg = Release|Any CPU
		{D0741845-870C-444C-91E2-22686EF866D1}.Release|Any CPU.Build.0 = Release|Any CPU
		{4DF48D80-0C7A-41EF-813C-752B52328C54}.Debug|Any CPU.ActiveCfg = Debug|Any CPU
		{4DF48D80-0C7A-41EF-813C-752B52328C54}.Debug|Any CPU.Build.0 = Debug|Any CPU
		{4DF48D80-0C7A-41EF-813C-752B52328C54}.Release|Any CPU.ActiveCfg = Release|Any CPU
		{4DF48D80-0C7A-41EF-813C-752B52328C54}.Release|Any CPU.Build.0 = Release|Any CPU
	EndGlobalSection
	GlobalSection(SolutionProperties) = preSolution
		HideSolutionNode = FALSE
	EndGlobalSection
	GlobalSection(ExtensibilityGlobals) = postSolution
		SolutionGuid = {0A431BBF-CB65-4914-90D1-BFEC051BA6CA}
	EndGlobalSection
EndGlobal
